// !$*UTF8*$!
{
	archiveVersion = 1;
	classes = {
	};
	objectVersion = 46;
	objects = {

/* Begin PBXBuildFile section */
		26BA9FC21D0D32F700CB51D4 /* main.m in Sources */ = {isa = PBXBuildFile; fileRef = 26BA9FC11D0D32F700CB51D4 /* main.m */; };
		26BA9FC51D0D32F700CB51D4 /* AppDelegate.m in Sources */ = {isa = PBXBuildFile; fileRef = 26BA9FC41D0D32F700CB51D4 /* AppDelegate.m */; };
		26BA9FCB1D0D32F700CB51D4 /* Main.storyboard in Resources */ = {isa = PBXBuildFile; fileRef = 26BA9FC91D0D32F700CB51D4 /* Main.storyboard */; };
		26BA9FCD1D0D32F700CB51D4 /* Assets.xcassets in Resources */ = {isa = PBXBuildFile; fileRef = 26BA9FCC1D0D32F700CB51D4 /* Assets.xcassets */; };
		26BA9FD01D0D32F700CB51D4 /* LaunchScreen.storyboard in Resources */ = {isa = PBXBuildFile; fileRef = 26BA9FCE1D0D32F700CB51D4 /* LaunchScreen.storyboard */; };
		26BA9FDB1D0D32F700CB51D4 /* HomePwnerTests.m in Sources */ = {isa = PBXBuildFile; fileRef = 26BA9FDA1D0D32F700CB51D4 /* HomePwnerTests.m */; };
		26BA9FE71D0D35E300CB51D4 /* BNRItemsViewController.m in Sources */ = {isa = PBXBuildFile; fileRef = 26BA9FE61D0D35E300CB51D4 /* BNRItemsViewController.m */; };
/* End PBXBuildFile section */

/* Begin PBXContainerItemProxy section */
		26BA9FD71D0D32F700CB51D4 /* PBXContainerItemProxy */ = {
			isa = PBXContainerItemProxy;
			containerPortal = 26BA9FB51D0D32F700CB51D4 /* Project object */;
			proxyType = 1;
			remoteGlobalIDString = 26BA9FBC1D0D32F700CB51D4;
			remoteInfo = HomePwner;
		};
/* End PBXContainerItemProxy section */

/* Begin PBXFileReference section */
		26BA9FBD1D0D32F700CB51D4 /* HomePwner.app */ = {isa = PBXFileReference; explicitFileType = wrapper.application; includeInIndex = 0; path = HomePwner.app; sourceTree = BUILT_PRODUCTS_DIR; };
		26BA9FC11D0D32F700CB51D4 /* main.m */ = {isa = PBXFileReference; lastKnownFileType = sourcecode.c.objc; path = main.m; sourceTree = "<group>"; };
		26BA9FC31D0D32F700CB51D4 /* AppDelegate.h */ = {isa = PBXFileReference; lastKnownFileType = sourcecode.c.h; path = AppDelegate.h; sourceTree = "<group>"; };
		26BA9FC41D0D32F700CB51D4 /* AppDelegate.m */ = {isa = PBXFileReference; lastKnownFileType = sourcecode.c.objc; path = AppDelegate.m; sourceTree = "<group>"; };
		26BA9FCA1D0D32F700CB51D4 /* Base */ = {isa = PBXFileReference; lastKnownFileType = file.storyboard; name = Base; path = Base.lproj/Main.storyboard; sourceTree = "<group>"; };
		26BA9FCC1D0D32F700CB51D4 /* Assets.xcassets */ = {isa = PBXFileReference; lastKnownFileType = folder.assetcatalog; path = Assets.xcassets; sourceTree = "<group>"; };
		26BA9FCF1D0D32F700CB51D4 /* Base */ = {isa = PBXFileReference; lastKnownFileType = file.storyboard; name = Base; path = Base.lproj/LaunchScreen.storyboard; sourceTree = "<group>"; };
		26BA9FD11D0D32F700CB51D4 /* Info.plist */ = {isa = PBXFileReference; lastKnownFileType = text.plist.xml; path = Info.plist; sourceTree = "<group>"; };
		26BA9FD61D0D32F700CB51D4 /* HomePwnerTests.xctest */ = {isa = PBXFileReference; explicitFileType = wrapper.cfbundle; includeInIndex = 0; path = HomePwnerTests.xctest; sourceTree = BUILT_PRODUCTS_DIR; };
		26BA9FDA1D0D32F700CB51D4 /* HomePwnerTests.m */ = {isa = PBXFileReference; lastKnownFileType = sourcecode.c.objc; path = HomePwnerTests.m; sourceTree = "<group>"; };
		26BA9FDC1D0D32F700CB51D4 /* Info.plist */ = {isa = PBXFileReference; lastKnownFileType = text.plist.xml; path = Info.plist; sourceTree = "<group>"; };
		26BA9FE51D0D35E300CB51D4 /* BNRItemsViewController.h */ = {isa = PBXFileReference; fileEncoding = 4; lastKnownFileType = sourcecode.c.h; path = BNRItemsViewController.h; sourceTree = "<group>"; };
		26BA9FE61D0D35E300CB51D4 /* BNRItemsViewController.m */ = {isa = PBXFileReference; fileEncoding = 4; lastKnownFileType = sourcecode.c.objc; path = BNRItemsViewController.m; sourceTree = "<group>"; };
/* End PBXFileReference section */

/* Begin PBXFrameworksBuildPhase section */
		26BA9FBA1D0D32F700CB51D4 /* Frameworks */ = {
			isa = PBXFrameworksBuildPhase;
			buildActionMask = 2147483647;
			files = (
			);
			runOnlyForDeploymentPostprocessing = 0;
		};
		26BA9FD31D0D32F700CB51D4 /* Frameworks */ = {
			isa = PBXFrameworksBuildPhase;
			buildActionMask = 2147483647;
			files = (
			);
			runOnlyForDeploymentPostprocessing = 0;
		};
/* End PBXFrameworksBuildPhase section */

/* Begin PBXGroup section */
		26BA9FB41D0D32F700CB51D4 = {
			isa = PBXGroup;
			children = (
				26BA9FBF1D0D32F700CB51D4 /* HomePwner */,
				26BA9FD91D0D32F700CB51D4 /* HomePwnerTests */,
				26BA9FBE1D0D32F700CB51D4 /* Products */,
			);
			sourceTree = "<group>";
		};
		26BA9FBE1D0D32F700CB51D4 /* Products */ = {
			isa = PBXGroup;
			children = (
				26BA9FBD1D0D32F700CB51D4 /* HomePwner.app */,
				26BA9FD61D0D32F700CB51D4 /* HomePwnerTests.xctest */,
			);
			name = Products;
			sourceTree = "<group>";
		};
		26BA9FBF1D0D32F700CB51D4 /* HomePwner */ = {
			isa = PBXGroup;
			children = (
				26BA9FC31D0D32F700CB51D4 /* AppDelegate.h */,
				26BA9FC41D0D32F700CB51D4 /* AppDelegate.m */,
				26BA9FE51D0D35E300CB51D4 /* BNRItemsViewController.h */,
				26BA9FE61D0D35E300CB51D4 /* BNRItemsViewController.m */,
				26BA9FC91D0D32F700CB51D4 /* Main.storyboard */,
				26BA9FCC1D0D32F700CB51D4 /* Assets.xcassets */,
				26BA9FCE1D0D32F700CB51D4 /* LaunchScreen.storyboard */,
				26BA9FD11D0D32F700CB51D4 /* Info.plist */,
				26BA9FC01D0D32F700CB51D4 /* Supporting Files */,
			);
			path = HomePwner;
			sourceTree = "<group>";
		};
		26BA9FC01D0D32F700CB51D4 /* Supporting Files */ = {
			isa = PBXGroup;
			children = (
				26BA9FC11D0D32F700CB51D4 /* main.m */,
			);
			name = "Supporting Files";
			sourceTree = "<group>";
		};
		26BA9FD91D0D32F700CB51D4 /* HomePwnerTests */ = {
			isa = PBXGroup;
			children = (
				26BA9FDA1D0D32F700CB51D4 /* HomePwnerTests.m */,
				26BA9FDC1D0D32F700CB51D4 /* Info.plist */,
			);
			path = HomePwnerTests;
			sourceTree = "<group>";
		};
/* End PBXGroup section */

/* Begin PBXNativeTarget section */
		26BA9FBC1D0D32F700CB51D4 /* HomePwner */ = {
			isa = PBXNativeTarget;
			buildConfigurationList = 26BA9FDF1D0D32F700CB51D4 /* Build configuration list for PBXNativeTarget "HomePwner" */;
			buildPhases = (
				26BA9FB91D0D32F700CB51D4 /* Sources */,
				26BA9FBA1D0D32F700CB51D4 /* Frameworks */,
				26BA9FBB1D0D32F700CB51D4 /* Resources */,
			);
			buildRules = (
			);
			dependencies = (
			);
			name = HomePwner;
			productName = HomePwner;
			productReference = 26BA9FBD1D0D32F700CB51D4 /* HomePwner.app */;
			productType = "com.apple.product-type.application";
		};
		26BA9FD51D0D32F700CB51D4 /* HomePwnerTests */ = {
			isa = PBXNativeTarget;
			buildConfigurationList = 26BA9FE21D0D32F700CB51D4 /* Build configuration list for PBXNativeTarget "HomePwnerTests" */;
			buildPhases = (
				26BA9FD21D0D32F700CB51D4 /* Sources */,
				26BA9FD31D0D32F700CB51D4 /* Frameworks */,
				26BA9FD41D0D32F700CB51D4 /* Resources */,
			);
			buildRules = (
			);
			dependencies = (
				26BA9FD81D0D32F700CB51D4 /* PBXTargetDependency */,
			);
			name = HomePwnerTests;
			productName = HomePwnerTests;
			productReference = 26BA9FD61D0D32F700CB51D4 /* HomePwnerTests.xctest */;
			productType = "com.apple.product-type.bundle.unit-test";
		};
/* End PBXNativeTarget section */

/* Begin PBXProject section */
		26BA9FB51D0D32F700CB51D4 /* Project object */ = {
			isa = PBXProject;
			attributes = {
				LastUpgradeCheck = 0730;
				ORGANIZATIONNAME = "Steven Liu";
				TargetAttributes = {
					26BA9FBC1D0D32F700CB51D4 = {
						CreatedOnToolsVersion = 7.3.1;
					};
					26BA9FD51D0D32F700CB51D4 = {
						CreatedOnToolsVersion = 7.3.1;
						TestTargetID = 26BA9FBC1D0D32F700CB51D4;
					};
				};
			};
			buildConfigurationList = 26BA9FB81D0D32F700CB51D4 /* Build configuration list for PBXProject "HomePwner" */;
			compatibilityVersion = "Xcode 3.2";
			developmentRegion = English;
			hasScannedForEncodings = 0;
			knownRegions = (
				en,
				Base,
			);
			mainGroup = 26BA9FB41D0D32F700CB51D4;
			productRefGroup = 26BA9FBE1D0D32F700CB51D4 /* Products */;
			projectDirPath = "";
			projectRoot = "";
			targets = (
				26BA9FBC1D0D32F700CB51D4 /* HomePwner */,
				26BA9FD51D0D32F700CB51D4 /* HomePwnerTests */,
			);
		};
/* End PBXProject section */

/* Begin PBXResourcesBuildPhase section */
		26BA9FBB1D0D32F700CB51D4 /* Resources */ = {
			isa = PBXResourcesBuildPhase;
			buildActionMask = 2147483647;
			files = (
				26BA9FD01D0D32F700CB51D4 /* LaunchScreen.storyboard in Resources */,
				26BA9FCD1D0D32F700CB51D4 /* Assets.xcassets in Resources */,
				26BA9FCB1D0D32F700CB51D4 /* Main.storyboard in Resources */,
			);
			runOnlyForDeploymentPostprocessing = 0;
		};
		26BA9FD41D0D32F700CB51D4 /* Resources */ = {
			isa = PBXResourcesBuildPhase;
			buildActionMask = 2147483647;
			files = (
			);
			runOnlyForDeploymentPostprocessing = 0;
		};
/* End PBXResourcesBuildPhase section */

/* Begin PBXSourcesBuildPhase section */
		26BA9FB91D0D32F700CB51D4 /* Sources */ = {
			isa = PBXSourcesBuildPhase;
			buildActionMask = 2147483647;
			files = (
				26BA9FC51D0D32F700CB51D4 /* AppDelegate.m in Sources */,
				26BA9FE71D0D35E300CB51D4 /* BNRItemsViewController.m in Sources */,
				26BA9FC21D0D32F700CB51D4 /* main.m in Sources */,
			);
			runOnlyForDeploymentPostprocessing = 0;
		};
		26BA9FD21D0D32F700CB51D4 /* Sources */ = {
			isa = PBXSourcesBuildPhase;
			buildActionMask = 2147483647;
			files = (
				26BA9FDB1D0D32F700CB51D4 /* HomePwnerTests.m in Sources */,
			);
			runOnlyForDeploymentPostprocessing = 0;
		};
/* End PBXSourcesBuildPhase section */

/* Begin PBXTargetDependency section */
		26BA9FD81D0D32F700CB51D4 /* PBXTargetDependency */ = {
			isa = PBXTargetDependency;
			target = 26BA9FBC1D0D32F700CB51D4 /* HomePwner */;
			targetProxy = 26BA9FD71D0D32F700CB51D4 /* PBXContainerItemProxy */;
		};
/* End PBXTargetDependency section */

/* Begin PBXVariantGroup section */
		26BA9FC91D0D32F700CB51D4 /* Main.storyboard */ = {
			isa = PBXVariantGroup;
			children = (
				26BA9FCA1D0D32F700CB51D4 /* Base */,
			);
			name = Main.storyboard;
			sourceTree = "<group>";
		};
		26BA9FCE1D0D32F700CB51D4 /* LaunchScreen.storyboard */ = {
			isa = PBXVariantGroup;
			children = (
				26BA9FCF1D0D32F700CB51D4 /* Base */,
			);
			name = LaunchScreen.storyboard;
			sourceTree = "<group>";
		};
/* End PBXVariantGroup section */

/* Begin XCBuildConfiguration section */
		26BA9FDD1D0D32F700CB51D4 /* Debug */ = {
			isa = XCBuildConfiguration;
			buildSettings = {
				ALWAYS_SEARCH_USER_PATHS = NO;
				CLANG_ANALYZER_NONNULL = YES;
				CLANG_CXX_LANGUAGE_STANDARD = "gnu++0x";
				CLANG_CXX_LIBRARY = "libc++";
				CLANG_ENABLE_MODULES = YES;
				CLANG_ENABLE_OBJC_ARC = YES;
				CLANG_WARN_BOOL_CONVERSION = YES;
				CLANG_WARN_CONSTANT_CONVERSION = YES;
				CLANG_WARN_DIRECT_OBJC_ISA_USAGE = YES_ERROR;
				CLANG_WARN_EMPTY_BODY = YES;
				CLANG_WARN_ENUM_CONVERSION = YES;
				CLANG_WARN_INT_CONVERSION = YES;
				CLANG_WARN_OBJC_ROOT_CLASS = YES_ERROR;
				CLANG_WARN_UNREACHABLE_CODE = YES;
				CLANG_WARN__DUPLICATE_METHOD_MATCH = YES;
				"CODE_SIGN_IDENTITY[sdk=iphoneos*]" = "iPhone Developer";
				COPY_PHASE_STRIP = NO;
				DEBUG_INFORMATION_FORMAT = dwarf;
				ENABLE_STRICT_OBJC_MSGSEND = YES;
				ENABLE_TESTABILITY = YES;
				GCC_C_LANGUAGE_STANDARD = gnu99;
				GCC_DYNAMIC_NO_PIC = NO;
				GCC_NO_COMMON_BLOCKS = YES;
				GCC_OPTIMIZATION_LEVEL = 0;
				GCC_PREPROCESSOR_DEFINITIONS = (
					"DEBUG=1",
					"$(inherited)",
				);
				GCC_WARN_64_TO_32_BIT_CONVERSION = YES;
				GCC_WARN_ABOUT_RETURN_TYPE = YES_ERROR;
				GCC_WARN_UNDECLARED_SELECTOR = YES;
				GCC_WARN_UNINITIALIZED_AUTOS = YES_AGGRESSIVE;
				GCC_WARN_UNUSED_FUNCTION = YES;
				GCC_WARN_UNUSED_VARIABLE = YES;
				IPHONEOS_DEPLOYMENT_TARGET = 9.3;
				MTL_ENABLE_DEBUG_INFO = YES;
				ONLY_ACTIVE_ARCH = YES;
				SDKROOT = iphoneos;
				TARGETED_DEVICE_FAMILY = "1,2";
			};
			name = Debug;
		};
		26BA9FDE1D0D32F700CB51D4 /* Release */ = {
			isa = XCBuildConfiguration;
			buildSettings = {
				ALWAYS_SEARCH_USER_PATHS = NO;
				CLANG_ANALYZER_NONNULL = YES;
				CLANG_CXX_LANGUAGE_STANDARD = "gnu++0x";
				CLANG_CXX_LIBRARY = "libc++";
				CLANG_ENABLE_MODULES = YES;
				CLANG_ENABLE_OBJC_ARC = YES;
				CLANG_WARN_BOOL_CONVERSION = YES;
				CLANG_WARN_CONSTANT_CONVERSION = YES;
				CLANG_WARN_DIRECT_OBJC_ISA_USAGE = YES_ERROR;
				CLANG_WARN_EMPTY_BODY = YES;
				CLANG_WARN_ENUM_CONVERSION = YES;
				CLANG_WARN_INT_CONVERSION = YES;
				CLANG_WARN_OBJC_ROOT_CLASS = YES_ERROR;
				CLANG_WARN_UNREACHABLE_CODE = YES;
				CLANG_WARN__DUPLICATE_METHOD_MATCH = YES;
				"CODE_SIGN_IDENTITY[sdk=iphoneos*]" = "iPhone Developer";
				COPY_PHASE_STRIP = NO;
				DEBUG_INFORMATION_FORMAT = "dwarf-with-dsym";
				ENABLE_NS_ASSERTIONS = NO;
				ENABLE_STRICT_OBJC_MSGSEND = YES;
				GCC_C_LANGUAGE_STANDARD = gnu99;
				GCC_NO_COMMON_BLOCKS = YES;
				GCC_WARN_64_TO_32_BIT_CONVERSION = YES;
				GCC_WARN_ABOUT_RETURN_TYPE = YES_ERROR;
				GCC_WARN_UNDECLARED_SELECTOR = YES;
				GCC_WARN_UNINITIALIZED_AUTOS = YES_AGGRESSIVE;
				GCC_WARN_UNUSED_FUNCTION = YES;
				GCC_WARN_UNUSED_VARIABLE = YES;
				IPHONEOS_DEPLOYMENT_TARGET = 9.3;
				MTL_ENABLE_DEBUG_INFO = NO;
				SDKROOT = iphoneos;
				TARGETED_DEVICE_FAMILY = "1,2";
				VALIDATE_PRODUCT = YES;
			};
			name = Release;
		};
		26BA9FE01D0D32F700CB51D4 /* Debug */ = {
			isa = XCBuildConfiguration;
			buildSettings = {
				ASSETCATALOG_COMPILER_APPICON_NAME = AppIcon;
				INFOPLIST_FILE = HomePwner/Info.plist;
				LD_RUNPATH_SEARCH_PATHS = "$(inherited) @executable_path/Frameworks";
				PRODUCT_BUNDLE_IDENTIFIER = com.example.HomePwner;
				PRODUCT_NAME = "$(TARGET_NAME)";
			};
			name = Debug;
		};
		26BA9FE11D0D32F700CB51D4 /* Release */ = {
			isa = XCBuildConfiguration;
			buildSettings = {
				ASSETCATALOG_COMPILER_APPICON_NAME = AppIcon;
				INFOPLIST_FILE = HomePwner/Info.plist;
				LD_RUNPATH_SEARCH_PATHS = "$(inherited) @executable_path/Frameworks";
				PRODUCT_BUNDLE_IDENTIFIER = com.example.HomePwner;
				PRODUCT_NAME = "$(TARGET_NAME)";
			};
			name = Release;
		};
		26BA9FE31D0D32F700CB51D4 /* Debug */ = {
			isa = XCBuildConfiguration;
			buildSettings = {
				BUNDLE_LOADER = "$(TEST_HOST)";
				INFOPLIST_FILE = HomePwnerTests/Info.plist;
				LD_RUNPATH_SEARCH_PATHS = "$(inherited) @executable_path/Frameworks @loader_path/Frameworks";
				PRODUCT_BUNDLE_IDENTIFIER = com.example.HomePwnerTests;
				PRODUCT_NAME = "$(TARGET_NAME)";
				TEST_HOST = "$(BUILT_PRODUCTS_DIR)/HomePwner.app/HomePwner";
			};
			name = Debug;
		};
		26BA9FE41D0D32F700CB51D4 /* Release */ = {
			isa = XCBuildConfiguration;
			buildSettings = {
				BUNDLE_LOADER = "$(TEST_HOST)";
				INFOPLIST_FILE = HomePwnerTests/Info.plist;
				LD_RUNPATH_SEARCH_PATHS = "$(inherited) @executable_path/Frameworks @loader_path/Frameworks";
				PRODUCT_BUNDLE_IDENTIFIER = com.example.HomePwnerTests;
				PRODUCT_NAME = "$(TARGET_NAME)";
				TEST_HOST = "$(BUILT_PRODUCTS_DIR)/HomePwner.app/HomePwner";
			};
			name = Release;
		};
/* End XCBuildConfiguration section */

/* Begin XCConfigurationList section */
		26BA9FB81D0D32F700CB51D4 /* Build configuration list for PBXProject "HomePwner" */ = {
			isa = XCConfigurationList;
			buildConfigurations = (
				26BA9FDD1D0D32F700CB51D4 /* Debug */,
				26BA9FDE1D0D32F700CB51D4 /* Release */,
			);
			defaultConfigurationIsVisible = 0;
			defaultConfigurationName = Release;
		};
		26BA9FDF1D0D32F700CB51D4 /* Build configuration list for PBXNativeTarget "HomePwner" */ = {
			isa = XCConfigurationList;
			buildConfigurations = (
				26BA9FE01D0D32F700CB51D4 /* Debug */,
				26BA9FE11D0D32F700CB51D4 /* Release */,
			);
			defaultConfigurationIsVisible = 0;
		};
		26BA9FE21D0D32F700CB51D4 /* Build configuration list for PBXNativeTarget "HomePwnerTests" */ = {
			isa = XCConfigurationList;
			buildConfigurations = (
				26BA9FE31D0D32F700CB51D4 /* Debug */,
				26BA9FE41D0D32F700CB51D4 /* Release */,
			);
			defaultConfigurationIsVisible = 0;
		};
/* End XCConfigurationList section */
	};
	rootObject = 26BA9FB51D0D32F700CB51D4 /* Project object */;
}
